{
    "name": "bitcoin-info-io17",
    "version": "0.0.1",
    "lockfileVersion": 1,
    "requires": true,
    "dependencies": {
        "actions-on-google": {
            "version": "1.8.1",
            "resolved": "https://registry.npmjs.org/actions-on-google/-/actions-on-google-1.8.1.tgz",
            "integrity": "sha1-KlBEcwDaqJhOEPxS2CsUWSTcOtM=",
            "requires": {
                "debug": "2.6.9",
                "google-auth-library": "1.2.1",
                "lodash.camelcase": "4.3.0",
                "lodash.snakecase": "4.1.1"
            }
        }
    }
}
